<Solution>
    <Project Path="tests/DotnetGitmoji.Tests/DotnetGitmoji.Tests.csproj"/>
    <Project Path="src/DotnetGitmoji/DotnetGitmoji.csproj"/>

    <Folder Name="/Solution Items/">
        <File Path=".editorconfig"/>
        <File Path="Directory.Build.props"/>
        <File Path="Directory.Packages.props"/>
    </Folder>
</Solution>
